
Microsoft Visual Studio Solution File, Format Version 12.00
# Visual Studio Version 17
VisualStudioVersion = 17.7.34031.279
MinimumVisualStudioVersion = 10.0.40219.1
Project("{FAE04EC0-301F-11D3-BF4B-00C04F79EFBC}") = "DesafioTuntsRocks", "DesafioTuntsRocks\DesafioTuntsRocks.csproj", "{ADF5B08D-A067-465E-AB00-994AAB767C6F}"
EndProject
Global
	GlobalSection(SolutionConfigurationPlatforms) = preSolution
		Debug|Any CPU = Debug|Any CPU
		Release|Any CPU = Release|Any CPU
	EndGlobalSection
	GlobalSection(ProjectConfigurationPlatforms) = postSolution
		{ADF5B08D-A067-465E-AB00-994AAB767C6F}.Debug|Any CPU.ActiveCfg = Debug|Any CPU
		{ADF5B08D-A067-465E-AB00-994AAB767C6F}.Debug|Any CPU.Build.0 = Debug|Any CPU
		{ADF5B08D-A067-465E-AB00-994AAB767C6F}.Release|Any CPU.ActiveCfg = Release|Any CPU
		{ADF5B08D-A067-465E-AB00-994AAB767C6F}.Release|Any CPU.Build.0 = Release|Any CPU
	EndGlobalSection
	GlobalSection(SolutionProperties) = preSolution
		HideSolutionNode = FALSE
	EndGlobalSection
	GlobalSection(ExtensibilityGlobals) = postSolution
		SolutionGuid = {302E19A4-F51A-4B93-8F13-33843C1238CB}
	EndGlobalSection
EndGlobal
